
Microsoft Visual Studio Solution File, Format Version 12.00
# Visual Studio Version 17
VisualStudioVersion = 17.4.33205.214
MinimumVisualStudioVersion = 10.0.40219.1
Project("{FAE04EC0-301F-11D3-BF4B-00C04F79EFBC}") = "MVCWebAppHiring", "MVCWebAppHiring\MVCWebAppHiring.csproj", "{7D197589-EF00-40F9-A4A6-8A08E992637C}"
EndProject
Project("{2150E333-8FDC-42A3-9474-1A3956D46DE8}") = "Infrastructure", "Infrastructure", "{D7FEA66C-9A96-4968-9690-79F1978FDCA5}"
EndProject
Project("{2150E333-8FDC-42A3-9474-1A3956D46DE8}") = "Core", "Core", "{AF8615B8-C82F-46D3-B16F-7EF1AD611024}"
EndProject
Project("{FAE04EC0-301F-11D3-BF4B-00C04F79EFBC}") = "App.Domain", "Core\App.Domain\App.Domain.csproj", "{1DCC6C72-24CB-4767-AA21-5E630BAEE1AC}"
EndProject
Project("{FAE04EC0-301F-11D3-BF4B-00C04F79EFBC}") = "App.Application", "Core\App.Application\App.Application.csproj", "{CADE438E-67A3-43CD-A271-53F90DBD3A68}"
EndProject
Project("{FAE04EC0-301F-11D3-BF4B-00C04F79EFBC}") = "App.Presentation", "Infrastructure\App.Presentation\App.Presentation.csproj", "{23AAE5E2-EFEC-4269-A48C-660DFBA03E4E}"
EndProject
Global
	GlobalSection(SolutionConfigurationPlatforms) = preSolution
		Debug|Any CPU = Debug|Any CPU
		Release|Any CPU = Release|Any CPU
	EndGlobalSection
	GlobalSection(ProjectConfigurationPlatforms) = postSolution
		{7D197589-EF00-40F9-A4A6-8A08E992637C}.Debug|Any CPU.ActiveCfg = Debug|Any CPU
		{7D197589-EF00-40F9-A4A6-8A08E992637C}.Debug|Any CPU.Build.0 = Debug|Any CPU
		{7D197589-EF00-40F9-A4A6-8A08E992637C}.Release|Any CPU.ActiveCfg = Release|Any CPU
		{7D197589-EF00-40F9-A4A6-8A08E992637C}.Release|Any CPU.Build.0 = Release|Any CPU
		{1DCC6C72-24CB-4767-AA21-5E630BAEE1AC}.Debug|Any CPU.ActiveCfg = Debug|Any CPU
		{1DCC6C72-24CB-4767-AA21-5E630BAEE1AC}.Debug|Any CPU.Build.0 = Debug|Any CPU
		{1DCC6C72-24CB-4767-AA21-5E630BAEE1AC}.Release|Any CPU.ActiveCfg = Release|Any CPU
		{1DCC6C72-24CB-4767-AA21-5E630BAEE1AC}.Release|Any CPU.Build.0 = Release|Any CPU
		{CADE438E-67A3-43CD-A271-53F90DBD3A68}.Debug|Any CPU.ActiveCfg = Debug|Any CPU
		{CADE438E-67A3-43CD-A271-53F90DBD3A68}.Debug|Any CPU.Build.0 = Debug|Any CPU
		{CADE438E-67A3-43CD-A271-53F90DBD3A68}.Release|Any CPU.ActiveCfg = Release|Any CPU
		{CADE438E-67A3-43CD-A271-53F90DBD3A68}.Release|Any CPU.Build.0 = Release|Any CPU
		{23AAE5E2-EFEC-4269-A48C-660DFBA03E4E}.Debug|Any CPU.ActiveCfg = Debug|Any CPU
		{23AAE5E2-EFEC-4269-A48C-660DFBA03E4E}.Debug|Any CPU.Build.0 = Debug|Any CPU
		{23AAE5E2-EFEC-4269-A48C-660DFBA03E4E}.Release|Any CPU.ActiveCfg = Release|Any CPU
		{23AAE5E2-EFEC-4269-A48C-660DFBA03E4E}.Release|Any CPU.Build.0 = Release|Any CPU
	EndGlobalSection
	GlobalSection(SolutionProperties) = preSolution
		HideSolutionNode = FALSE
	EndGlobalSection
	GlobalSection(NestedProjects) = preSolution
		{1DCC6C72-24CB-4767-AA21-5E630BAEE1AC} = {AF8615B8-C82F-46D3-B16F-7EF1AD611024}
		{CADE438E-67A3-43CD-A271-53F90DBD3A68} = {AF8615B8-C82F-46D3-B16F-7EF1AD611024}
		{23AAE5E2-EFEC-4269-A48C-660DFBA03E4E} = {D7FEA66C-9A96-4968-9690-79F1978FDCA5}
	EndGlobalSection
	GlobalSection(ExtensibilityGlobals) = postSolution
		SolutionGuid = {E69F81BD-A7DC-4870-A7E5-B17EC282E722}
	EndGlobalSection
EndGlobal
